{
	"name": "inline-html",
	"version": "0.3.0",
	"lockfileVersion": 1,
	"requires": true,
	"dependencies": {
		"@emmetio/extract-abbreviation": {
			"version": "0.1.6",
			"resolved": "https://registry.npmjs.org/@emmetio/extract-abbreviation/-/extract-abbreviation-0.1.6.tgz",
			"integrity": "sha512-Ce3xE2JvTSEbASFbRbA1gAIcMcZWdS2yUYRaQbeM0nbOzaZrUYfa3ePtcriYRZOZmr+CkKA+zbjhvTpIOAYVcw=="
		},
		"@types/node": {
			"version": "7.0.43",
			"resolved": "https://registry.npmjs.org/@types/node/-/node-7.0.43.tgz",
			"integrity": "sha512-7scYwwfHNppXvH/9JzakbVxk0o0QUILVk1Lv64GRaxwPuGpnF1QBiwdvhDpLcymb8BpomQL3KYoWKq3wUdDMhQ==",
			"dev": true
		},
		"@types/vscode": {
			"version": "1.56.0",
			"resolved": "https://registry.npmjs.org/@types/vscode/-/vscode-1.56.0.tgz",
			"integrity": "sha512-Q5VmQxOx+L1Y6lIJiGcJzwcyV3pQo/eiW8P+7sNLhFI16tJCwtua2DLjHRcpjbCLNVYpQM73kzfFo1Z0HyP9eQ==",
			"dev": true
		},
		"jsonc-parser": {
			"version": "1.0.3",
			"resolved": "https://registry.npmjs.org/jsonc-parser/-/jsonc-parser-1.0.3.tgz",
			"integrity": "sha512-hk/69oAeaIzchq/v3lS50PXuzn5O2ynldopMC+SWBql7J2WtdptfB9dy8Y7+Og5rPkTCpn83zTiO8FMcqlXJ/g=="
		},
		"typescript": {
			"version": "3.2.2",
			"resolved": "https://registry.npmjs.org/typescript/-/typescript-3.2.2.tgz",
			"integrity": "sha512-VCj5UiSyHBjwfYacmDuc/NOk4QQixbE+Wn7MFJuS0nRuPQbof132Pw4u53dm264O8LPc2MVsc7RJNml5szurkg==",
			"dev": true
		},
		"vscode-css-languageservice": {
			"version": "3.0.12",
			"resolved": "https://registry.npmjs.org/vscode-css-languageservice/-/vscode-css-languageservice-3.0.12.tgz",
			"integrity": "sha512-+FLQ9LcukIhnxaGTjDOqb3Nb1hesz9BLXf5yeoZxUsuK7joADPLPdxLwlZugFcMAvgmtnaFIGnzkQhGOVqf5yw==",
			"requires": {
				"vscode-languageserver-types": "^3.13.0",
				"vscode-nls": "^4.0.0"
			}
		},
		"vscode-emmet-helper": {
			"version": "1.2.12",
			"resolved": "https://registry.npmjs.org/vscode-emmet-helper/-/vscode-emmet-helper-1.2.12.tgz",
			"integrity": "sha512-pCo+BNgP3lGuzTIGP1IMOGILpNGVopiAu02FrDC4ctEQQ5vFIaMtI4HxDGAw2Zu7pqGEHn6Z1KFmOb2Hd/xkHA==",
			"requires": {
				"@emmetio/extract-abbreviation": "0.1.6",
				"jsonc-parser": "^1.0.0",
				"vscode-languageserver-types": "^3.6.0-next.1"
			}
		},
		"vscode-html-languageservice": {
			"version": "2.1.10",
			"resolved": "https://registry.npmjs.org/vscode-html-languageservice/-/vscode-html-languageservice-2.1.10.tgz",
			"integrity": "sha512-nuzLd7a3J+Ttvk/9Pg2H0vS7rV2oZRfsQYPRheHnUNJNqivkcieSI8ZCGvZjmr3NDBG2QQaRFambnCtceYAj3A==",
			"requires": {
				"vscode-languageserver-types": "^3.13.0",
				"vscode-nls": "^4.0.0",
				"vscode-uri": "^1.0.6"
			}
		},
		"vscode-languageserver-types": {
			"version": "3.14.0",
			"resolved": "https://registry.npmjs.org/vscode-languageserver-types/-/vscode-languageserver-types-3.14.0.tgz",
			"integrity": "sha512-lTmS6AlAlMHOvPQemVwo3CezxBp0sNB95KNPkqp3Nxd5VFEnuG1ByM0zlRWos0zjO3ZWtkvhal0COgiV1xIA4A=="
		},
		"vscode-nls": {
			"version": "4.0.0",
			"resolved": "https://registry.npmjs.org/vscode-nls/-/vscode-nls-4.0.0.tgz",
			"integrity": "sha512-qCfdzcH+0LgQnBpZA53bA32kzp9rpq/f66Som577ObeuDlFIrtbEJ+A/+CCxjIh4G8dpJYNCKIsxpRAHIfsbNw=="
		},
		"vscode-uri": {
			"version": "1.0.6",
			"resolved": "https://registry.npmjs.org/vscode-uri/-/vscode-uri-1.0.6.tgz",
			"integrity": "sha512-sLI2L0uGov3wKVb9EB+vIQBl9tVP90nqRvxSoJ35vI3NjxE8jfsE5DSOhWgSunHSZmKS4OCi2jrtfxK7uyp2ww=="
		}
	}
}
